
Microsoft Visual Studio Solution File, Format Version 12.00
# Visual Studio 14
VisualStudioVersion = 14.0.25420.1
MinimumVisualStudioVersion = 10.0.40219.1
Project("{FAE04EC0-301F-11D3-BF4B-00C04F79EFBC}") = "BeersFactory.FrontEnd", "BeersFactory.FrontEnd\BeersFactory.FrontEnd.csproj", "{4D0D81D0-5699-48DB-B721-63F10DCBF61E}"
EndProject
Project("{FAE04EC0-301F-11D3-BF4B-00C04F79EFBC}") = "BeersFactory.BackEnd", "BeersFactory.BackEnd\BeersFactory.BackEnd.csproj", "{3FEDD12C-5DAC-4957-9AB7-3A06D2A35DFE}"
EndProject
Project("{2150E333-8FDC-42A3-9474-1A3956D46DE8}") = ".nuget", ".nuget", "{6E5D7635-7106-42DF-9C46-C6566C429CA2}"
	ProjectSection(SolutionItems) = preProject
		..\..\..\..\Desktop\paul_christensen-zenofbeer.brewerydb-8010f8a63b88\.nuget\NuGet.Config = ..\..\..\..\Desktop\paul_christensen-zenofbeer.brewerydb-8010f8a63b88\.nuget\NuGet.Config
		..\..\..\..\Desktop\paul_christensen-zenofbeer.brewerydb-8010f8a63b88\.nuget\NuGet.exe = ..\..\..\..\Desktop\paul_christensen-zenofbeer.brewerydb-8010f8a63b88\.nuget\NuGet.exe
		..\..\..\..\Desktop\paul_christensen-zenofbeer.brewerydb-8010f8a63b88\.nuget\NuGet.targets = ..\..\..\..\Desktop\paul_christensen-zenofbeer.brewerydb-8010f8a63b88\.nuget\NuGet.targets
	EndProjectSection
EndProject
Project("{FAE04EC0-301F-11D3-BF4B-00C04F79EFBC}") = "ZenOfBeer.BreweryDb.Pcl", "paul_christensen-zenofbeer.brewerydb-8010f8a63b88\ZenOfBeer.BreweryDb.Pcl\ZenOfBeer.BreweryDb.Pcl.csproj", "{05A10547-494B-4499-A4BE-F4E4BBBA77D2}"
EndProject
Project("{FAE04EC0-301F-11D3-BF4B-00C04F79EFBC}") = "ZenOfBeer.BreweryDb.Pcl.Tests", "paul_christensen-zenofbeer.brewerydb-8010f8a63b88\ZenOfBeer.BreweryDb.Pcl.Tests\ZenOfBeer.BreweryDb.Pcl.Tests.csproj", "{E8879C13-A6A1-4B5C-B0BC-72E2E3AD2799}"
EndProject
Project("{FAE04EC0-301F-11D3-BF4B-00C04F79EFBC}") = "ConsoleApplication1", "paul_christensen-zenofbeer.brewerydb-8010f8a63b88\ConsoleApplication1\ConsoleApplication1.csproj", "{7B12AA85-964F-4368-89AF-CB7072ED42C0}"
EndProject
Project("{FAE04EC0-301F-11D3-BF4B-00C04F79EFBC}") = "BL", "BL\BL.csproj", "{7001A03B-FF35-42E6-A52D-A09B71B57606}"
EndProject
Project("{FAE04EC0-301F-11D3-BF4B-00C04F79EFBC}") = "DAL", "DAL\DAL\DAL.csproj", "{8D6D01BF-60B5-427B-8571-8BECCDD51AC8}"
EndProject
Project("{FAE04EC0-301F-11D3-BF4B-00C04F79EFBC}") = "BeersFactory.BackEnd.UnitTests", "BeersFactory.BackEnd.UnitTests\BeersFactory.BackEnd.UnitTests.csproj", "{3F5A908D-705A-45EC-B247-9FFB0A849AF1}"
EndProject
Global
	GlobalSection(SolutionConfigurationPlatforms) = preSolution
		Debug|Any CPU = Debug|Any CPU
		Release|Any CPU = Release|Any CPU
	EndGlobalSection
	GlobalSection(ProjectConfigurationPlatforms) = postSolution
		{4D0D81D0-5699-48DB-B721-63F10DCBF61E}.Debug|Any CPU.ActiveCfg = Debug|Any CPU
		{4D0D81D0-5699-48DB-B721-63F10DCBF61E}.Debug|Any CPU.Build.0 = Debug|Any CPU
		{4D0D81D0-5699-48DB-B721-63F10DCBF61E}.Release|Any CPU.ActiveCfg = Release|Any CPU
		{4D0D81D0-5699-48DB-B721-63F10DCBF61E}.Release|Any CPU.Build.0 = Release|Any CPU
		{3FEDD12C-5DAC-4957-9AB7-3A06D2A35DFE}.Debug|Any CPU.ActiveCfg = Debug|Any CPU
		{3FEDD12C-5DAC-4957-9AB7-3A06D2A35DFE}.Debug|Any CPU.Build.0 = Debug|Any CPU
		{3FEDD12C-5DAC-4957-9AB7-3A06D2A35DFE}.Release|Any CPU.ActiveCfg = Release|Any CPU
		{3FEDD12C-5DAC-4957-9AB7-3A06D2A35DFE}.Release|Any CPU.Build.0 = Release|Any CPU
		{05A10547-494B-4499-A4BE-F4E4BBBA77D2}.Debug|Any CPU.ActiveCfg = Debug|Any CPU
		{05A10547-494B-4499-A4BE-F4E4BBBA77D2}.Debug|Any CPU.Build.0 = Debug|Any CPU
		{05A10547-494B-4499-A4BE-F4E4BBBA77D2}.Release|Any CPU.ActiveCfg = Release|Any CPU
		{05A10547-494B-4499-A4BE-F4E4BBBA77D2}.Release|Any CPU.Build.0 = Release|Any CPU
		{E8879C13-A6A1-4B5C-B0BC-72E2E3AD2799}.Debug|Any CPU.ActiveCfg = Debug|Any CPU
		{E8879C13-A6A1-4B5C-B0BC-72E2E3AD2799}.Debug|Any CPU.Build.0 = Debug|Any CPU
		{E8879C13-A6A1-4B5C-B0BC-72E2E3AD2799}.Release|Any CPU.ActiveCfg = Release|Any CPU
		{E8879C13-A6A1-4B5C-B0BC-72E2E3AD2799}.Release|Any CPU.Build.0 = Release|Any CPU
		{7B12AA85-964F-4368-89AF-CB7072ED42C0}.Debug|Any CPU.ActiveCfg = Debug|Any CPU
		{7B12AA85-964F-4368-89AF-CB7072ED42C0}.Debug|Any CPU.Build.0 = Debug|Any CPU
		{7B12AA85-964F-4368-89AF-CB7072ED42C0}.Release|Any CPU.ActiveCfg = Release|Any CPU
		{7B12AA85-964F-4368-89AF-CB7072ED42C0}.Release|Any CPU.Build.0 = Release|Any CPU
		{7001A03B-FF35-42E6-A52D-A09B71B57606}.Debug|Any CPU.ActiveCfg = Debug|Any CPU
		{7001A03B-FF35-42E6-A52D-A09B71B57606}.Debug|Any CPU.Build.0 = Debug|Any CPU
		{7001A03B-FF35-42E6-A52D-A09B71B57606}.Release|Any CPU.ActiveCfg = Release|Any CPU
		{7001A03B-FF35-42E6-A52D-A09B71B57606}.Release|Any CPU.Build.0 = Release|Any CPU
		{8D6D01BF-60B5-427B-8571-8BECCDD51AC8}.Debug|Any CPU.ActiveCfg = Debug|Any CPU
		{8D6D01BF-60B5-427B-8571-8BECCDD51AC8}.Debug|Any CPU.Build.0 = Debug|Any CPU
		{8D6D01BF-60B5-427B-8571-8BECCDD51AC8}.Release|Any CPU.ActiveCfg = Release|Any CPU
		{8D6D01BF-60B5-427B-8571-8BECCDD51AC8}.Release|Any CPU.Build.0 = Release|Any CPU
		{3F5A908D-705A-45EC-B247-9FFB0A849AF1}.Debug|Any CPU.ActiveCfg = Debug|Any CPU
		{3F5A908D-705A-45EC-B247-9FFB0A849AF1}.Debug|Any CPU.Build.0 = Debug|Any CPU
		{3F5A908D-705A-45EC-B247-9FFB0A849AF1}.Release|Any CPU.ActiveCfg = Release|Any CPU
		{3F5A908D-705A-45EC-B247-9FFB0A849AF1}.Release|Any CPU.Build.0 = Release|Any CPU
	EndGlobalSection
	GlobalSection(SolutionProperties) = preSolution
		HideSolutionNode = FALSE
	EndGlobalSection
EndGlobal
